
Microsoft Visual Studio Solution File, Format Version 12.00
# Visual Studio Version 16
VisualStudioVersion = 16.0.33529.622
MinimumVisualStudioVersion = 10.0.40219.1
Project("{FAE04EC0-301F-11D3-BF4B-00C04F79EFBC}") = "RedeserviceFinal", "RedeserviceFinal\RedeserviceFinal.csproj", "{823E77AC-159A-47CB-8CA4-C8ACFBA78F7B}"
EndProject
Global
	GlobalSection(SolutionConfigurationPlatforms) = preSolution
		Debug|Any CPU = Debug|Any CPU
		Release|Any CPU = Release|Any CPU
	EndGlobalSection
	GlobalSection(ProjectConfigurationPlatforms) = postSolution
		{823E77AC-159A-47CB-8CA4-C8ACFBA78F7B}.Debug|Any CPU.ActiveCfg = Debug|Any CPU
		{823E77AC-159A-47CB-8CA4-C8ACFBA78F7B}.Debug|Any CPU.Build.0 = Debug|Any CPU
		{823E77AC-159A-47CB-8CA4-C8ACFBA78F7B}.Release|Any CPU.ActiveCfg = Release|Any CPU
		{823E77AC-159A-47CB-8CA4-C8ACFBA78F7B}.Release|Any CPU.Build.0 = Release|Any CPU
	EndGlobalSection
	GlobalSection(SolutionProperties) = preSolution
		HideSolutionNode = FALSE
	EndGlobalSection
	GlobalSection(ExtensibilityGlobals) = postSolution
		SolutionGuid = {81CFB4FB-94FF-4CBB-AD3A-376DE7A811AE}
	EndGlobalSection
EndGlobal
